// !$*UTF8*$!
{
	archiveVersion = 1;
	classes = {
	};
	objectVersion = 50;
	objects = {

/* Begin PBXBuildFile section */
		677AD09322061EAD000A6D41 /* CategoryViewController.swift in Sources */ = {isa = PBXBuildFile; fileRef = 677AD09222061EAD000A6D41 /* CategoryViewController.swift */; };
		6798D120220C8ADF0015F107 /* SwipeTableViewController.swift in Sources */ = {isa = PBXBuildFile; fileRef = 6798D11F220C8ADF0015F107 /* SwipeTableViewController.swift */; };
		67AC05E1220900D100E436DC /* Item.swift in Sources */ = {isa = PBXBuildFile; fileRef = 67AC05E0220900D100E436DC /* Item.swift */; };
		67AC05E3220900DF00E436DC /* Category.swift in Sources */ = {isa = PBXBuildFile; fileRef = 67AC05E2220900DF00E436DC /* Category.swift */; };
		67B2A63521FE212F00D113AD /* AppDelegate.swift in Sources */ = {isa = PBXBuildFile; fileRef = 67B2A63421FE212F00D113AD /* AppDelegate.swift */; };
		67B2A63721FE212F00D113AD /* TodoListViewController.swift in Sources */ = {isa = PBXBuildFile; fileRef = 67B2A63621FE212F00D113AD /* TodoListViewController.swift */; };
		67B2A63A21FE212F00D113AD /* Main.storyboard in Resources */ = {isa = PBXBuildFile; fileRef = 67B2A63821FE212F00D113AD /* Main.storyboard */; };
		67B2A63C21FE213100D113AD /* Assets.xcassets in Resources */ = {isa = PBXBuildFile; fileRef = 67B2A63B21FE213100D113AD /* Assets.xcassets */; };
		67B2A63F21FE213100D113AD /* LaunchScreen.storyboard in Resources */ = {isa = PBXBuildFile; fileRef = 67B2A63D21FE213100D113AD /* LaunchScreen.storyboard */; };
		847C45D7F0D9D9FF1C4BECFC /* Pods_Todoey.framework in Frameworks */ = {isa = PBXBuildFile; fileRef = D8FD73AB95B3F63ADF6EBAAD /* Pods_Todoey.framework */; };
/* End PBXBuildFile section */

/* Begin PBXFileReference section */
		677AD09222061EAD000A6D41 /* CategoryViewController.swift */ = {isa = PBXFileReference; lastKnownFileType = sourcecode.swift; path = CategoryViewController.swift; sourceTree = "<group>"; };
		6798D11F220C8ADF0015F107 /* SwipeTableViewController.swift */ = {isa = PBXFileReference; lastKnownFileType = sourcecode.swift; path = SwipeTableViewController.swift; sourceTree = "<group>"; };
		67AC05E0220900D100E436DC /* Item.swift */ = {isa = PBXFileReference; lastKnownFileType = sourcecode.swift; path = Item.swift; sourceTree = "<group>"; };
		67AC05E2220900DF00E436DC /* Category.swift */ = {isa = PBXFileReference; lastKnownFileType = sourcecode.swift; path = Category.swift; sourceTree = "<group>"; };
		67B2A63121FE212F00D113AD /* Todoey.app */ = {isa = PBXFileReference; explicitFileType = wrapper.application; includeInIndex = 0; path = Todoey.app; sourceTree = BUILT_PRODUCTS_DIR; };
		67B2A63421FE212F00D113AD /* AppDelegate.swift */ = {isa = PBXFileReference; lastKnownFileType = sourcecode.swift; path = AppDelegate.swift; sourceTree = "<group>"; };
		67B2A63621FE212F00D113AD /* TodoListViewController.swift */ = {isa = PBXFileReference; lastKnownFileType = sourcecode.swift; path = TodoListViewController.swift; sourceTree = "<group>"; };
		67B2A63921FE212F00D113AD /* Base */ = {isa = PBXFileReference; lastKnownFileType = file.storyboard; name = Base; path = Base.lproj/Main.storyboard; sourceTree = "<group>"; };
		67B2A63B21FE213100D113AD /* Assets.xcassets */ = {isa = PBXFileReference; lastKnownFileType = folder.assetcatalog; path = Assets.xcassets; sourceTree = "<group>"; };
		67B2A63E21FE213100D113AD /* Base */ = {isa = PBXFileReference; lastKnownFileType = file.storyboard; name = Base; path = Base.lproj/LaunchScreen.storyboard; sourceTree = "<group>"; };
		67B2A64021FE213100D113AD /* Info.plist */ = {isa = PBXFileReference; lastKnownFileType = text.plist.xml; path = Info.plist; sourceTree = "<group>"; };
		9A263391249A1E7F4DA4B3F1 /* Pods-Todoey.debug.xcconfig */ = {isa = PBXFileReference; includeInIndex = 1; lastKnownFileType = text.xcconfig; name = "Pods-Todoey.debug.xcconfig"; path = "Pods/Target Support Files/Pods-Todoey/Pods-Todoey.debug.xcconfig"; sourceTree = "<group>"; };
		D8FD73AB95B3F63ADF6EBAAD /* Pods_Todoey.framework */ = {isa = PBXFileReference; explicitFileType = wrapper.framework; includeInIndex = 0; path = Pods_Todoey.framework; sourceTree = BUILT_PRODUCTS_DIR; };
		F724AEF710EB9C2796AA582F /* Pods-Todoey.release.xcconfig */ = {isa = PBXFileReference; includeInIndex = 1; lastKnownFileType = text.xcconfig; name = "Pods-Todoey.release.xcconfig"; path = "Pods/Target Support Files/Pods-Todoey/Pods-Todoey.release.xcconfig"; sourceTree = "<group>"; };
/* End PBXFileReference section */

/* Begin PBXFrameworksBuildPhase section */
		67B2A62E21FE212F00D113AD /* Frameworks */ = {
			isa = PBXFrameworksBuildPhase;
			buildActionMask = 2147483647;
			files = (
				847C45D7F0D9D9FF1C4BECFC /* Pods_Todoey.framework in Frameworks */,
			);
			runOnlyForDeploymentPostprocessing = 0;
		};
/* End PBXFrameworksBuildPhase section */

/* Begin PBXGroup section */
		67B2A62821FE212F00D113AD = {
			isa = PBXGroup;
			children = (
				67B2A63321FE212F00D113AD /* Todoey */,
				67B2A63221FE212F00D113AD /* Products */,
				DA52A41766F94603B7A841A3 /* Pods */,
				AF62CC033C5D3FE9130D2C5F /* Frameworks */,
			);
			sourceTree = "<group>";
		};
		67B2A63221FE212F00D113AD /* Products */ = {
			isa = PBXGroup;
			children = (
				67B2A63121FE212F00D113AD /* Todoey.app */,
			);
			name = Products;
			sourceTree = "<group>";
		};
		67B2A63321FE212F00D113AD /* Todoey */ = {
			isa = PBXGroup;
			children = (
				67B2A63421FE212F00D113AD /* AppDelegate.swift */,
				67B2A64921FE7EB000D113AD /* Controllers */,
				67B2A64A21FE7EB900D113AD /* Views */,
				67B2A64B21FE7ED300D113AD /* Supporting Files */,
				67B2A64021FE213100D113AD /* Info.plist */,
				67B2A64821FE7E8000D113AD /* Data Model */,
			);
			path = Todoey;
			sourceTree = "<group>";
		};
		67B2A64821FE7E8000D113AD /* Data Model */ = {
			isa = PBXGroup;
			children = (
				67AC05E0220900D100E436DC /* Item.swift */,
				67AC05E2220900DF00E436DC /* Category.swift */,
			);
			path = "Data Model";
			sourceTree = "<group>";
		};
		67B2A64921FE7EB000D113AD /* Controllers */ = {
			isa = PBXGroup;
			children = (
				677AD09222061EAD000A6D41 /* CategoryViewController.swift */,
				67B2A63621FE212F00D113AD /* TodoListViewController.swift */,
				6798D11F220C8ADF0015F107 /* SwipeTableViewController.swift */,
			);
			path = Controllers;
			sourceTree = "<group>";
		};
		67B2A64A21FE7EB900D113AD /* Views */ = {
			isa = PBXGroup;
			children = (
				67B2A63821FE212F00D113AD /* Main.storyboard */,
			);
			path = Views;
			sourceTree = "<group>";
		};
		67B2A64B21FE7ED300D113AD /* Supporting Files */ = {
			isa = PBXGroup;
			children = (
				67B2A63B21FE213100D113AD /* Assets.xcassets */,
				67B2A63D21FE213100D113AD /* LaunchScreen.storyboard */,
			);
			path = "Supporting Files";
			sourceTree = "<group>";
		};
		AF62CC033C5D3FE9130D2C5F /* Frameworks */ = {
			isa = PBXGroup;
			children = (
				D8FD73AB95B3F63ADF6EBAAD /* Pods_Todoey.framework */,
			);
			name = Frameworks;
			sourceTree = "<group>";
		};
		DA52A41766F94603B7A841A3 /* Pods */ = {
			isa = PBXGroup;
			children = (
				9A263391249A1E7F4DA4B3F1 /* Pods-Todoey.debug.xcconfig */,
				F724AEF710EB9C2796AA582F /* Pods-Todoey.release.xcconfig */,
			);
			name = Pods;
			sourceTree = "<group>";
		};
/* End PBXGroup section */

/* Begin PBXNativeTarget section */
		67B2A63021FE212F00D113AD /* Todoey */ = {
			isa = PBXNativeTarget;
			buildConfigurationList = 67B2A64321FE213100D113AD /* Build configuration list for PBXNativeTarget "Todoey" */;
			buildPhases = (
				6F739BB4ACA3BD24F4453BF6 /* [CP] Check Pods Manifest.lock */,
				67B2A62D21FE212F00D113AD /* Sources */,
				67B2A62E21FE212F00D113AD /* Frameworks */,
				67B2A62F21FE212F00D113AD /* Resources */,
				4866CB91A5D5E43A5A7CD7F2 /* [CP] Embed Pods Frameworks */,
			);
			buildRules = (
			);
			dependencies = (
			);
			name = Todoey;
			productName = Todoey;
			productReference = 67B2A63121FE212F00D113AD /* Todoey.app */;
			productType = "com.apple.product-type.application";
		};
/* End PBXNativeTarget section */

/* Begin PBXProject section */
		67B2A62921FE212F00D113AD /* Project object */ = {
			isa = PBXProject;
			attributes = {
				LastSwiftUpdateCheck = 1010;
				LastUpgradeCheck = 1010;
				ORGANIZATIONNAME = "Anil Can";
				TargetAttributes = {
					67B2A63021FE212F00D113AD = {
						CreatedOnToolsVersion = 10.1;
					};
				};
			};
			buildConfigurationList = 67B2A62C21FE212F00D113AD /* Build configuration list for PBXProject "Todoey" */;
			compatibilityVersion = "Xcode 9.3";
			developmentRegion = en;
			hasScannedForEncodings = 0;
			knownRegions = (
				en,
				Base,
			);
			mainGroup = 67B2A62821FE212F00D113AD;
			productRefGroup = 67B2A63221FE212F00D113AD /* Products */;
			projectDirPath = "";
			projectRoot = "";
			targets = (
				67B2A63021FE212F00D113AD /* Todoey */,
			);
		};
/* End PBXProject section */

/* Begin PBXResourcesBuildPhase section */
		67B2A62F21FE212F00D113AD /* Resources */ = {
			isa = PBXResourcesBuildPhase;
			buildActionMask = 2147483647;
			files = (
				67B2A63F21FE213100D113AD /* LaunchScreen.storyboard in Resources */,
				67B2A63C21FE213100D113AD /* Assets.xcassets in Resources */,
				67B2A63A21FE212F00D113AD /* Main.storyboard in Resources */,
			);
			runOnlyForDeploymentPostprocessing = 0;
		};
/* End PBXResourcesBuildPhase section */

/* Begin PBXShellScriptBuildPhase section */
		4866CB91A5D5E43A5A7CD7F2 /* [CP] Embed Pods Frameworks */ = {
			isa = PBXShellScriptBuildPhase;
			buildActionMask = 2147483647;
			files = (
			);
			inputFileListPaths = (
			);
			inputPaths = (
				"${SRCROOT}/Pods/Target Support Files/Pods-Todoey/Pods-Todoey-frameworks.sh",
				"${BUILT_PRODUCTS_DIR}/ChameleonFramework/ChameleonFramework.framework",
				"${BUILT_PRODUCTS_DIR}/Realm/Realm.framework",
				"${BUILT_PRODUCTS_DIR}/RealmSwift/RealmSwift.framework",
				"${BUILT_PRODUCTS_DIR}/SwipeCellKit/SwipeCellKit.framework",
			);
			name = "[CP] Embed Pods Frameworks";
			outputFileListPaths = (
			);
			outputPaths = (
				"${TARGET_BUILD_DIR}/${FRAMEWORKS_FOLDER_PATH}/ChameleonFramework.framework",
				"${TARGET_BUILD_DIR}/${FRAMEWORKS_FOLDER_PATH}/Realm.framework",
				"${TARGET_BUILD_DIR}/${FRAMEWORKS_FOLDER_PATH}/RealmSwift.framework",
				"${TARGET_BUILD_DIR}/${FRAMEWORKS_FOLDER_PATH}/SwipeCellKit.framework",
			);
			runOnlyForDeploymentPostprocessing = 0;
			shellPath = /bin/sh;
			shellScript = "\"${SRCROOT}/Pods/Target Support Files/Pods-Todoey/Pods-Todoey-frameworks.sh\"\n";
			showEnvVarsInLog = 0;
		};
		6F739BB4ACA3BD24F4453BF6 /* [CP] Check Pods Manifest.lock */ = {
			isa = PBXShellScriptBuildPhase;
			buildActionMask = 2147483647;
			files = (
			);
			inputFileListPaths = (
			);
			inputPaths = (
				"${PODS_PODFILE_DIR_PATH}/Podfile.lock",
				"${PODS_ROOT}/Manifest.lock",
			);
			name = "[CP] Check Pods Manifest.lock";
			outputFileListPaths = (
			);
			outputPaths = (
				"$(DERIVED_FILE_DIR)/Pods-Todoey-checkManifestLockResult.txt",
			);
			runOnlyForDeploymentPostprocessing = 0;
			shellPath = /bin/sh;
			shellScript = "diff \"${PODS_PODFILE_DIR_PATH}/Podfile.lock\" \"${PODS_ROOT}/Manifest.lock\" > /dev/null\nif [ $? != 0 ] ; then\n    # print error to STDERR\n    echo \"error: The sandbox is not in sync with the Podfile.lock. Run 'pod install' or update your CocoaPods installation.\" >&2\n    exit 1\nfi\n# This output is used by Xcode 'outputs' to avoid re-running this script phase.\necho \"SUCCESS\" > \"${SCRIPT_OUTPUT_FILE_0}\"\n";
			showEnvVarsInLog = 0;
		};
/* End PBXShellScriptBuildPhase section */

/* Begin PBXSourcesBuildPhase section */
		67B2A62D21FE212F00D113AD /* Sources */ = {
			isa = PBXSourcesBuildPhase;
			buildActionMask = 2147483647;
			files = (
				67AC05E1220900D100E436DC /* Item.swift in Sources */,
				677AD09322061EAD000A6D41 /* CategoryViewController.swift in Sources */,
				67B2A63721FE212F00D113AD /* TodoListViewController.swift in Sources */,
				67B2A63521FE212F00D113AD /* AppDelegate.swift in Sources */,
				6798D120220C8ADF0015F107 /* SwipeTableViewController.swift in Sources */,
				67AC05E3220900DF00E436DC /* Category.swift in Sources */,
			);
			runOnlyForDeploymentPostprocessing = 0;
		};
/* End PBXSourcesBuildPhase section */

/* Begin PBXVariantGroup section */
		67B2A63821FE212F00D113AD /* Main.storyboard */ = {
			isa = PBXVariantGroup;
			children = (
				67B2A63921FE212F00D113AD /* Base */,
			);
			name = Main.storyboard;
			sourceTree = "<group>";
		};
		67B2A63D21FE213100D113AD /* LaunchScreen.storyboard */ = {
			isa = PBXVariantGroup;
			children = (
				67B2A63E21FE213100D113AD /* Base */,
			);
			name = LaunchScreen.storyboard;
			sourceTree = "<group>";
		};
/* End PBXVariantGroup section */

/* Begin XCBuildConfiguration section */
		67B2A64121FE213100D113AD /* Debug */ = {
			isa = XCBuildConfiguration;
			buildSettings = {
				ALWAYS_SEARCH_USER_PATHS = NO;
				CLANG_ANALYZER_NONNULL = YES;
				CLANG_ANALYZER_NUMBER_OBJECT_CONVERSION = YES_AGGRESSIVE;
				CLANG_CXX_LANGUAGE_STANDARD = "gnu++14";
				CLANG_CXX_LIBRARY = "libc++";
				CLANG_ENABLE_MODULES = YES;
				CLANG_ENABLE_OBJC_ARC = YES;
				CLANG_ENABLE_OBJC_WEAK = YES;
				CLANG_WARN_BLOCK_CAPTURE_AUTORELEASING = YES;
				CLANG_WARN_BOOL_CONVERSION = YES;
				CLANG_WARN_COMMA = YES;
				CLANG_WARN_CONSTANT_CONVERSION = YES;
				CLANG_WARN_DEPRECATED_OBJC_IMPLEMENTATIONS = YES;
				CLANG_WARN_DIRECT_OBJC_ISA_USAGE = YES_ERROR;
				CLANG_WARN_DOCUMENTATION_COMMENTS = YES;
				CLANG_WARN_EMPTY_BODY = YES;
				CLANG_WARN_ENUM_CONVERSION = YES;
				CLANG_WARN_INFINITE_RECURSION = YES;
				CLANG_WARN_INT_CONVERSION = YES;
				CLANG_WARN_NON_LITERAL_NULL_CONVERSION = YES;
				CLANG_WARN_OBJC_IMPLICIT_RETAIN_SELF = YES;
				CLANG_WARN_OBJC_LITERAL_CONVERSION = YES;
				CLANG_WARN_OBJC_ROOT_CLASS = YES_ERROR;
				CLANG_WARN_RANGE_LOOP_ANALYSIS = YES;
				CLANG_WARN_STRICT_PROTOTYPES = YES;
				CLANG_WARN_SUSPICIOUS_MOVE = YES;
				CLANG_WARN_UNGUARDED_AVAILABILITY = YES_AGGRESSIVE;
				CLANG_WARN_UNREACHABLE_CODE = YES;
				CLANG_WARN__DUPLICATE_METHOD_MATCH = YES;
				CODE_SIGN_IDENTITY = "iPhone Developer";
				COPY_PHASE_STRIP = NO;
				DEBUG_INFORMATION_FORMAT = dwarf;
				ENABLE_STRICT_OBJC_MSGSEND = YES;
				ENABLE_TESTABILITY = YES;
				GCC_C_LANGUAGE_STANDARD = gnu11;
				GCC_DYNAMIC_NO_PIC = NO;
				GCC_NO_COMMON_BLOCKS = YES;
				GCC_OPTIMIZATION_LEVEL = 0;
				GCC_PREPROCESSOR_DEFINITIONS = (
					"DEBUG=1",
					"$(inherited)",
				);
				GCC_WARN_64_TO_32_BIT_CONVERSION = YES;
				GCC_WARN_ABOUT_RETURN_TYPE = YES_ERROR;
				GCC_WARN_UNDECLARED_SELECTOR = YES;
				GCC_WARN_UNINITIALIZED_AUTOS = YES_AGGRESSIVE;
				GCC_WARN_UNUSED_FUNCTION = YES;
				GCC_WARN_UNUSED_VARIABLE = YES;
				IPHONEOS_DEPLOYMENT_TARGET = 12.1;
				MTL_ENABLE_DEBUG_INFO = INCLUDE_SOURCE;
				MTL_FAST_MATH = YES;
				ONLY_ACTIVE_ARCH = YES;
				SDKROOT = iphoneos;
				SWIFT_ACTIVE_COMPILATION_CONDITIONS = DEBUG;
				SWIFT_OPTIMIZATION_LEVEL = "-Onone";
			};
			name = Debug;
		};
		67B2A64221FE213100D113AD /* Release */ = {
			isa = XCBuildConfiguration;
			buildSettings = {
				ALWAYS_SEARCH_USER_PATHS = NO;
				CLANG_ANALYZER_NONNULL = YES;
				CLANG_ANALYZER_NUMBER_OBJECT_CONVERSION = YES_AGGRESSIVE;
				CLANG_CXX_LANGUAGE_STANDARD = "gnu++14";
				CLANG_CXX_LIBRARY = "libc++";
				CLANG_ENABLE_MODULES = YES;
				CLANG_ENABLE_OBJC_ARC = YES;
				CLANG_ENABLE_OBJC_WEAK = YES;
				CLANG_WARN_BLOCK_CAPTURE_AUTORELEASING = YES;
				CLANG_WARN_BOOL_CONVERSION = YES;
				CLANG_WARN_COMMA = YES;
				CLANG_WARN_CONSTANT_CONVERSION = YES;
				CLANG_WARN_DEPRECATED_OBJC_IMPLEMENTATIONS = YES;
				CLANG_WARN_DIRECT_OBJC_ISA_USAGE = YES_ERROR;
				CLANG_WARN_DOCUMENTATION_COMMENTS = YES;
				CLANG_WARN_EMPTY_BODY = YES;
				CLANG_WARN_ENUM_CONVERSION = YES;
				CLANG_WARN_INFINITE_RECURSION = YES;
				CLANG_WARN_INT_CONVERSION = YES;
				CLANG_WARN_NON_LITERAL_NULL_CONVERSION = YES;
				CLANG_WARN_OBJC_IMPLICIT_RETAIN_SELF = YES;
				CLANG_WARN_OBJC_LITERAL_CONVERSION = YES;
				CLANG_WARN_OBJC_ROOT_CLASS = YES_ERROR;
				CLANG_WARN_RANGE_LOOP_ANALYSIS = YES;
				CLANG_WARN_STRICT_PROTOTYPES = YES;
				CLANG_WARN_SUSPICIOUS_MOVE = YES;
				CLANG_WARN_UNGUARDED_AVAILABILITY = YES_AGGRESSIVE;
				CLANG_WARN_UNREACHABLE_CODE = YES;
				CLANG_WARN__DUPLICATE_METHOD_MATCH = YES;
				CODE_SIGN_IDENTITY = "iPhone Developer";
				COPY_PHASE_STRIP = NO;
				DEBUG_INFORMATION_FORMAT = "dwarf-with-dsym";
				ENABLE_NS_ASSERTIONS = NO;
				ENABLE_STRICT_OBJC_MSGSEND = YES;
				GCC_C_LANGUAGE_STANDARD = gnu11;
				GCC_NO_COMMON_BLOCKS = YES;
				GCC_WARN_64_TO_32_BIT_CONVERSION = YES;
				GCC_WARN_ABOUT_RETURN_TYPE = YES_ERROR;
				GCC_WARN_UNDECLARED_SELECTOR = YES;
				GCC_WARN_UNINITIALIZED_AUTOS = YES_AGGRESSIVE;
				GCC_WARN_UNUSED_FUNCTION = YES;
				GCC_WARN_UNUSED_VARIABLE = YES;
				IPHONEOS_DEPLOYMENT_TARGET = 12.1;
				MTL_ENABLE_DEBUG_INFO = NO;
				MTL_FAST_MATH = YES;
				SDKROOT = iphoneos;
				SWIFT_COMPILATION_MODE = wholemodule;
				SWIFT_OPTIMIZATION_LEVEL = "-O";
				VALIDATE_PRODUCT = YES;
			};
			name = Release;
		};
		67B2A64421FE213100D113AD /* Debug */ = {
			isa = XCBuildConfiguration;
			baseConfigurationReference = 9A263391249A1E7F4DA4B3F1 /* Pods-Todoey.debug.xcconfig */;
			buildSettings = {
				ASSETCATALOG_COMPILER_APPICON_NAME = AppIcon;
				CODE_SIGN_STYLE = Automatic;
				DEVELOPMENT_TEAM = H5Z9G33HZA;
				INFOPLIST_FILE = Todoey/Info.plist;
				LD_RUNPATH_SEARCH_PATHS = (
					"$(inherited)",
					"@executable_path/Frameworks",
				);
				PRODUCT_BUNDLE_IDENTIFIER = com.anilcan.Todoey;
				PRODUCT_NAME = "$(TARGET_NAME)";
				SWIFT_VERSION = 4.2;
				TARGETED_DEVICE_FAMILY = "1,2";
			};
			name = Debug;
		};
		67B2A64521FE213100D113AD /* Release */ = {
			isa = XCBuildConfiguration;
			baseConfigurationReference = F724AEF710EB9C2796AA582F /* Pods-Todoey.release.xcconfig */;
			buildSettings = {
				ASSETCATALOG_COMPILER_APPICON_NAME = AppIcon;
				CODE_SIGN_STYLE = Automatic;
				DEVELOPMENT_TEAM = H5Z9G33HZA;
				INFOPLIST_FILE = Todoey/Info.plist;
				LD_RUNPATH_SEARCH_PATHS = (
					"$(inherited)",
					"@executable_path/Frameworks",
				);
				PRODUCT_BUNDLE_IDENTIFIER = com.anilcan.Todoey;
				PRODUCT_NAME = "$(TARGET_NAME)";
				SWIFT_VERSION = 4.2;
				TARGETED_DEVICE_FAMILY = "1,2";
			};
			name = Release;
		};
/* End XCBuildConfiguration section */

/* Begin XCConfigurationList section */
		67B2A62C21FE212F00D113AD /* Build configuration list for PBXProject "Todoey" */ = {
			isa = XCConfigurationList;
			buildConfigurations = (
				67B2A64121FE213100D113AD /* Debug */,
				67B2A64221FE213100D113AD /* Release */,
			);
			defaultConfigurationIsVisible = 0;
			defaultConfigurationName = Release;
		};
		67B2A64321FE213100D113AD /* Build configuration list for PBXNativeTarget "Todoey" */ = {
			isa = XCConfigurationList;
			buildConfigurations = (
				67B2A64421FE213100D113AD /* Debug */,
				67B2A64521FE213100D113AD /* Release */,
			);
			defaultConfigurationIsVisible = 0;
			defaultConfigurationName = Release;
		};
/* End XCConfigurationList section */
	};
	rootObject = 67B2A62921FE212F00D113AD /* Project object */;
}
